
Microsoft Visual Studio Solution File, Format Version 12.00
# Visual Studio Version 17
VisualStudioVersion = 17.4.33110.190
MinimumVisualStudioVersion = 10.0.40219.1
Project("{9A19103F-16F7-4668-BE54-9A1E7A4F7556}") = "VideoAndAudioDownloader.ConsoleApp", "VideoAndAudioDownloader.ConsoleApp\VideoAndAudioDownloader.ConsoleApp.csproj", "{755B1608-E7F3-4CE7-B193-81605E6EAA45}"
EndProject
Project("{9A19103F-16F7-4668-BE54-9A1E7A4F7556}") = "VideoAndAudioDownloader.BusinessLogic", "VideoAndAudioDownloader.BusinessLogic\VideoAndAudioDownloader.BusinessLogic.csproj", "{7D23FE67-461C-4A35-B664-4917ED9D4867}"
EndProject
Project("{FAE04EC0-301F-11D3-BF4B-00C04F79EFBC}") = "VideoAndAudioDownloader.Desktop", "VideoAndAudioDownloader.Desktop\VideoAndAudioDownloader.Desktop.csproj", "{FEAE7CEC-7F70-4133-964F-B2485EFB3546}"
EndProject
Global
	GlobalSection(SolutionConfigurationPlatforms) = preSolution
		Debug|Any CPU = Debug|Any CPU
		Release|Any CPU = Release|Any CPU
	EndGlobalSection
	GlobalSection(ProjectConfigurationPlatforms) = postSolution
		{755B1608-E7F3-4CE7-B193-81605E6EAA45}.Debug|Any CPU.ActiveCfg = Debug|Any CPU
		{755B1608-E7F3-4CE7-B193-81605E6EAA45}.Debug|Any CPU.Build.0 = Debug|Any CPU
		{755B1608-E7F3-4CE7-B193-81605E6EAA45}.Release|Any CPU.ActiveCfg = Release|Any CPU
		{755B1608-E7F3-4CE7-B193-81605E6EAA45}.Release|Any CPU.Build.0 = Release|Any CPU
		{7D23FE67-461C-4A35-B664-4917ED9D4867}.Debug|Any CPU.ActiveCfg = Debug|Any CPU
		{7D23FE67-461C-4A35-B664-4917ED9D4867}.Debug|Any CPU.Build.0 = Debug|Any CPU
		{7D23FE67-461C-4A35-B664-4917ED9D4867}.Release|Any CPU.ActiveCfg = Release|Any CPU
		{7D23FE67-461C-4A35-B664-4917ED9D4867}.Release|Any CPU.Build.0 = Release|Any CPU
		{FEAE7CEC-7F70-4133-964F-B2485EFB3546}.Debug|Any CPU.ActiveCfg = Debug|Any CPU
		{FEAE7CEC-7F70-4133-964F-B2485EFB3546}.Debug|Any CPU.Build.0 = Debug|Any CPU
		{FEAE7CEC-7F70-4133-964F-B2485EFB3546}.Release|Any CPU.ActiveCfg = Release|Any CPU
		{FEAE7CEC-7F70-4133-964F-B2485EFB3546}.Release|Any CPU.Build.0 = Release|Any CPU
	EndGlobalSection
	GlobalSection(SolutionProperties) = preSolution
		HideSolutionNode = FALSE
	EndGlobalSection
	GlobalSection(ExtensibilityGlobals) = postSolution
		SolutionGuid = {E79C6534-28DD-4505-B0D0-9E1F41E0C718}
	EndGlobalSection
EndGlobal
